
Microsoft Visual Studio Solution File, Format Version 12.00
# Visual Studio Version 17
VisualStudioVersion = 17.14.36518.9 d17.14
MinimumVisualStudioVersion = 10.0.40219.1
Project("{FAE04EC0-301F-11D3-BF4B-00C04F79EFBC}") = "ColorAiApp", "ColorAiApp\ColorAiApp.csproj", "{805FD86B-706D-4A55-8AF7-431193D53EFD}"
EndProject
Global
	GlobalSection(SolutionConfigurationPlatforms) = preSolution
		Debug|Any CPU = Debug|Any CPU
		Release|Any CPU = Release|Any CPU
	EndGlobalSection
	GlobalSection(ProjectConfigurationPlatforms) = postSolution
		{805FD86B-706D-4A55-8AF7-431193D53EFD}.Debug|Any CPU.ActiveCfg = Debug|Any CPU
		{805FD86B-706D-4A55-8AF7-431193D53EFD}.Debug|Any CPU.Build.0 = Debug|Any CPU
		{805FD86B-706D-4A55-8AF7-431193D53EFD}.Release|Any CPU.ActiveCfg = Release|Any CPU
		{805FD86B-706D-4A55-8AF7-431193D53EFD}.Release|Any CPU.Build.0 = Release|Any CPU
	EndGlobalSection
	GlobalSection(SolutionProperties) = preSolution
		HideSolutionNode = FALSE
	EndGlobalSection
	GlobalSection(ExtensibilityGlobals) = postSolution
		SolutionGuid = {F6003B34-E60E-4BDD-9543-5C5F96EB108B}
	EndGlobalSection
EndGlobal
